
Microsoft Visual Studio Solution File, Format Version 12.00
# Visual Studio Version 17
VisualStudioVersion = 17.5.002.0
MinimumVisualStudioVersion = 10.0.40219.1
Project("{9A19103F-16F7-4668-BE54-9A1E7A4F7556}") = "payam", "payam.csproj", "{348BF101-2B53-4A4D-BC7F-39B82F51A6D4}"
EndProject
Global
	GlobalSection(SolutionConfigurationPlatforms) = preSolution
		Debug|Any CPU = Debug|Any CPU
		Release|Any CPU = Release|Any CPU
	EndGlobalSection
	GlobalSection(ProjectConfigurationPlatforms) = postSolution
		{348BF101-2B53-4A4D-BC7F-39B82F51A6D4}.Debug|Any CPU.ActiveCfg = Debug|Any CPU
		{348BF101-2B53-4A4D-BC7F-39B82F51A6D4}.Debug|Any CPU.Build.0 = Debug|Any CPU
		{348BF101-2B53-4A4D-BC7F-39B82F51A6D4}.Release|Any CPU.ActiveCfg = Release|Any CPU
		{348BF101-2B53-4A4D-BC7F-39B82F51A6D4}.Release|Any CPU.Build.0 = Release|Any CPU
	EndGlobalSection
	GlobalSection(SolutionProperties) = preSolution
		HideSolutionNode = FALSE
	EndGlobalSection
	GlobalSection(ExtensibilityGlobals) = postSolution
		SolutionGuid = {20CA3C30-A193-4204-84A9-A1D84B9EA2C4}
	EndGlobalSection
EndGlobal
